{
  "name": "@tsonic/rust-nodejs",
  "version": "0.1.0",
  "lockfileVersion": 3,
  "requires": true,
  "packages": {
    "": {
      "name": "@tsonic/rust-nodejs",
      "version": "0.1.0",
      "devDependencies": {
        "@tsonic/target-rust": "file:../tsonic-rust",
        "@tsonic/rust-runtime": "file:../rust-runtime",
        "@tsonic/rust-js": "file:../rust-js",
        "@types/node": "^22.19.21",
        "typescript": "^5.6.0"
      },
      "engines": {
        "node": ">=22.18.0"
      },
      "peerDependencies": {
        "@tsonic/target-rust": "0.1.0"
      },
      "license": "MIT",
      "dependencies": {
        "@tsonic/rust-runtime": "0.1.0",
        "@tsonic/rust-js": "0.1.0"
      }
    },
    "../rust-js": {
      "name": "@tsonic/rust-js",
      "version": "0.1.0",
      "dev": true,
      "devDependencies": {
        "@tsonic/rust-runtime": "file:../rust-runtime"
      },
      "engines": {
        "node": ">=22.18.0"
      },
      "peerDependencies": {
        "@tsonic/rust-runtime": "0.1.0"
      },
      "license": "MIT"
    },
    "../rust-runtime": {
      "name": "@tsonic/rust-runtime",
      "version": "0.1.0",
      "dev": true,
      "engines": {
        "node": ">=22.18.0"
      },
      "license": "MIT"
    },
    "../tsonic-rust": {
      "name": "@tsonic/target-rust",
      "version": "0.1.0",
      "dev": true,
      "devDependencies": {
        "@tsonic/js-source-profile": "file:../tsonic/packages/js-source-profile",
        "@tsonic/source-core": "file:../tsonic/packages/source-core",
        "@tsonic/target-api": "file:../tsonic/packages/target-api",
        "@tsonic/tsts": "file:../tsonic/packages/tsts",
        "@tsonic/rust-runtime": "file:../rust-runtime",
        "@tsonic/rust-js": "file:../rust-js"
      },
      "engines": {
        "node": ">=22.18.0"
      },
      "peerDependencies": {
        "@tsonic/source-core": "0.1.0",
        "@tsonic/target-api": "0.1.0",
        "@tsonic/tsts": "0.1.0"
      },
      "license": "MIT",
      "dependencies": {
        "@tsonic/js-source-profile": "0.1.0",
        "@tsonic/rust-runtime": "0.1.0",
        "@tsonic/rust-js": "0.1.0"
      }
    },
    "node_modules/@tsonic/rust-js": {
      "resolved": "../rust-js",
      "link": true
    },
    "node_modules/@tsonic/rust-runtime": {
      "resolved": "../rust-runtime",
      "link": true
    },
    "node_modules/@tsonic/target-rust": {
      "resolved": "../tsonic-rust",
      "link": true
    },
    "node_modules/@types/node": {
      "version": "22.19.21",
      "resolved": "https://registry.npmjs.org/@types/node/-/node-22.19.21.tgz",
      "integrity": "sha512-VMeFBSCKQKmm2swI2kW51SFusDqekC6q9trBCvJ/JliDchFSuoYYKN7yVNjPthP1HKZcx3U1gI/wTcEBjEFKTA==",
      "dev": true,
      "license": "MIT",
      "dependencies": {
        "undici-types": "~6.21.0"
      }
    },
    "node_modules/typescript": {
      "version": "5.9.3",
      "resolved": "https://registry.npmjs.org/typescript/-/typescript-5.9.3.tgz",
      "integrity": "sha512-jl1vZzPDinLr9eUt3J/t7V6FgNEw9QjvBPdysz9KfQDD41fQrC2Y4vKQdiaUpFT4bXlb1RHhLpp8wtm6M5TgSw==",
      "dev": true,
      "license": "Apache-2.0",
      "bin": {
        "tsc": "bin/tsc",
        "tsserver": "bin/tsserver"
      },
      "engines": {
        "node": ">=14.17"
      }
    },
    "node_modules/undici-types": {
      "version": "6.21.0",
      "resolved": "https://registry.npmjs.org/undici-types/-/undici-types-6.21.0.tgz",
      "integrity": "sha512-iwDZqg0QAGrg9Rav5H4n0M64c3mkR59cJ6wQp+7C4nI0gsmExaedaYLNO44eT4AtBBwjbTiGPMlt2Md0T9H9JQ==",
      "dev": true,
      "license": "MIT"
    }
  }
}
